
Microsoft Visual Studio Solution File, Format Version 12.00
# Visual Studio Version 16
VisualStudioVersion = 16.0.30503.244
MinimumVisualStudioVersion = 10.0.40219.1
Project("{9A19103F-16F7-4668-BE54-9A1E7A4F7556}") = "MovieList", "MovieList\MovieList.csproj", "{2A0C1498-A300-4E7F-BA0B-873DDE057CBD}"
EndProject
Project("{2150E333-8FDC-42A3-9474-1A3956D46DE8}") = "Solution Items", "Solution Items", "{AE083711-31FE-4AFC-A70F-5917D3F982A9}"
	ProjectSection(SolutionItems) = preProject
		README.md = README.md
	EndProjectSection
EndProject
Global
	GlobalSection(SolutionConfigurationPlatforms) = preSolution
		Debug|Any CPU = Debug|Any CPU
		Release|Any CPU = Release|Any CPU
	EndGlobalSection
	GlobalSection(ProjectConfigurationPlatforms) = postSolution
		{2A0C1498-A300-4E7F-BA0B-873DDE057CBD}.Debug|Any CPU.ActiveCfg = Debug|Any CPU
		{2A0C1498-A300-4E7F-BA0B-873DDE057CBD}.Debug|Any CPU.Build.0 = Debug|Any CPU
		{2A0C1498-A300-4E7F-BA0B-873DDE057CBD}.Release|Any CPU.ActiveCfg = Release|Any CPU
		{2A0C1498-A300-4E7F-BA0B-873DDE057CBD}.Release|Any CPU.Build.0 = Release|Any CPU
	EndGlobalSection
	GlobalSection(SolutionProperties) = preSolution
		HideSolutionNode = FALSE
	EndGlobalSection
	GlobalSection(ExtensibilityGlobals) = postSolution
		SolutionGuid = {C8F2BFF7-9802-4E52-A822-5313C0478CCA}
	EndGlobalSection
EndGlobal
